
Microsoft Visual Studio Solution File, Format Version 12.00
# Visual Studio Version 16
VisualStudioVersion = 16.0.29215.179
MinimumVisualStudioVersion = 10.0.40219.1
Project("{9A19103F-16F7-4668-BE54-9A1E7A4F7556}") = "APIGateway", "APIGateway\APIGateway.csproj", "{FB746CD6-7618-4C92-9C14-22E4A2725B42}"
EndProject
Project("{9A19103F-16F7-4668-BE54-9A1E7A4F7556}") = "MockBank", "..\MockBank\MockBank.csproj", "{E896CFD3-A424-4A08-B509-CFA9683619E6}"
EndProject
Project("{2150E333-8FDC-42A3-9474-1A3956D46DE8}") = "src", "src", "{3C29C301-D044-491B-A935-3344BE03FEAB}"
EndProject
Project("{2150E333-8FDC-42A3-9474-1A3956D46DE8}") = "Gateway", "Gateway", "{68501D95-61C0-4A5B-BE03-B7C3CFB9CAA7}"
EndProject
Project("{2150E333-8FDC-42A3-9474-1A3956D46DE8}") = "Services", "Services", "{96D2A3B5-9AB4-4D31-8939-B1DD7AAABA35}"
EndProject
Project("{2150E333-8FDC-42A3-9474-1A3956D46DE8}") = "tests", "tests", "{57A5CCDF-8084-45BD-B501-715806F21A82}"
EndProject
Project("{2150E333-8FDC-42A3-9474-1A3956D46DE8}") = "Validation", "Validation", "{D70F52B9-9804-4E0E-823F-8D65BA3BF7C7}"
EndProject
Project("{2150E333-8FDC-42A3-9474-1A3956D46DE8}") = "Payment", "Payment", "{75400789-0E9A-4F54-A705-DAA86129768E}"
EndProject
Project("{9A19103F-16F7-4668-BE54-9A1E7A4F7556}") = "Validation.API", "..\Services\Validation.API\Validation.API.csproj", "{58B32D42-28F4-4C1B-96AC-5B6CF1C24A72}"
EndProject
Project("{2150E333-8FDC-42A3-9474-1A3956D46DE8}") = "Logging", "Logging", "{BC38FEFE-EDF6-401E-8749-B424CA2D562B}"
EndProject
Project("{2150E333-8FDC-42A3-9474-1A3956D46DE8}") = "Authentication", "Authentication", "{02B15481-1198-4FB7-A178-2BFB66A0C5CE}"
EndProject
Project("{9A19103F-16F7-4668-BE54-9A1E7A4F7556}") = "Logging.API", "..\Services\Logging.API\Logging.API.csproj", "{B28F0C93-20D4-4E68-AE87-9F620A91C691}"
EndProject
Project("{9A19103F-16F7-4668-BE54-9A1E7A4F7556}") = "Authentication.API", "..\Services\Authentication.API\Authentication.API.csproj", "{E9CBCD02-5D6D-4C9F-97B7-9540630FE27B}"
EndProject
Project("{FAE04EC0-301F-11D3-BF4B-00C04F79EFBC}") = "Payment.API", "..\Services\Payment.API\Payment.API.csproj", "{29A0AB2B-9CCB-4CFF-86E2-F95D7B5F96AE}"
EndProject
Global
	GlobalSection(SolutionConfigurationPlatforms) = preSolution
		Debug|Any CPU = Debug|Any CPU
		Release|Any CPU = Release|Any CPU
	EndGlobalSection
	GlobalSection(ProjectConfigurationPlatforms) = postSolution
		{FB746CD6-7618-4C92-9C14-22E4A2725B42}.Debug|Any CPU.ActiveCfg = Debug|Any CPU
		{FB746CD6-7618-4C92-9C14-22E4A2725B42}.Debug|Any CPU.Build.0 = Debug|Any CPU
		{FB746CD6-7618-4C92-9C14-22E4A2725B42}.Release|Any CPU.ActiveCfg = Release|Any CPU
		{FB746CD6-7618-4C92-9C14-22E4A2725B42}.Release|Any CPU.Build.0 = Release|Any CPU
		{E896CFD3-A424-4A08-B509-CFA9683619E6}.Debug|Any CPU.ActiveCfg = Debug|Any CPU
		{E896CFD3-A424-4A08-B509-CFA9683619E6}.Debug|Any CPU.Build.0 = Debug|Any CPU
		{E896CFD3-A424-4A08-B509-CFA9683619E6}.Release|Any CPU.ActiveCfg = Release|Any CPU
		{E896CFD3-A424-4A08-B509-CFA9683619E6}.Release|Any CPU.Build.0 = Release|Any CPU
		{58B32D42-28F4-4C1B-96AC-5B6CF1C24A72}.Debug|Any CPU.ActiveCfg = Debug|Any CPU
		{58B32D42-28F4-4C1B-96AC-5B6CF1C24A72}.Debug|Any CPU.Build.0 = Debug|Any CPU
		{58B32D42-28F4-4C1B-96AC-5B6CF1C24A72}.Release|Any CPU.ActiveCfg = Release|Any CPU
		{58B32D42-28F4-4C1B-96AC-5B6CF1C24A72}.Release|Any CPU.Build.0 = Release|Any CPU
		{B28F0C93-20D4-4E68-AE87-9F620A91C691}.Debug|Any CPU.ActiveCfg = Debug|Any CPU
		{B28F0C93-20D4-4E68-AE87-9F620A91C691}.Debug|Any CPU.Build.0 = Debug|Any CPU
		{B28F0C93-20D4-4E68-AE87-9F620A91C691}.Release|Any CPU.ActiveCfg = Release|Any CPU
		{B28F0C93-20D4-4E68-AE87-9F620A91C691}.Release|Any CPU.Build.0 = Release|Any CPU
		{E9CBCD02-5D6D-4C9F-97B7-9540630FE27B}.Debug|Any CPU.ActiveCfg = Debug|Any CPU
		{E9CBCD02-5D6D-4C9F-97B7-9540630FE27B}.Debug|Any CPU.Build.0 = Debug|Any CPU
		{E9CBCD02-5D6D-4C9F-97B7-9540630FE27B}.Release|Any CPU.ActiveCfg = Release|Any CPU
		{E9CBCD02-5D6D-4C9F-97B7-9540630FE27B}.Release|Any CPU.Build.0 = Release|Any CPU
		{29A0AB2B-9CCB-4CFF-86E2-F95D7B5F96AE}.Debug|Any CPU.ActiveCfg = Debug|Any CPU
		{29A0AB2B-9CCB-4CFF-86E2-F95D7B5F96AE}.Debug|Any CPU.Build.0 = Debug|Any CPU
		{29A0AB2B-9CCB-4CFF-86E2-F95D7B5F96AE}.Release|Any CPU.ActiveCfg = Release|Any CPU
		{29A0AB2B-9CCB-4CFF-86E2-F95D7B5F96AE}.Release|Any CPU.Build.0 = Release|Any CPU
	EndGlobalSection
	GlobalSection(SolutionProperties) = preSolution
		HideSolutionNode = FALSE
	EndGlobalSection
	GlobalSection(NestedProjects) = preSolution
		{FB746CD6-7618-4C92-9C14-22E4A2725B42} = {68501D95-61C0-4A5B-BE03-B7C3CFB9CAA7}
		{68501D95-61C0-4A5B-BE03-B7C3CFB9CAA7} = {3C29C301-D044-491B-A935-3344BE03FEAB}
		{96D2A3B5-9AB4-4D31-8939-B1DD7AAABA35} = {3C29C301-D044-491B-A935-3344BE03FEAB}
		{D70F52B9-9804-4E0E-823F-8D65BA3BF7C7} = {96D2A3B5-9AB4-4D31-8939-B1DD7AAABA35}
		{75400789-0E9A-4F54-A705-DAA86129768E} = {96D2A3B5-9AB4-4D31-8939-B1DD7AAABA35}
		{58B32D42-28F4-4C1B-96AC-5B6CF1C24A72} = {D70F52B9-9804-4E0E-823F-8D65BA3BF7C7}
		{BC38FEFE-EDF6-401E-8749-B424CA2D562B} = {96D2A3B5-9AB4-4D31-8939-B1DD7AAABA35}
		{02B15481-1198-4FB7-A178-2BFB66A0C5CE} = {96D2A3B5-9AB4-4D31-8939-B1DD7AAABA35}
		{B28F0C93-20D4-4E68-AE87-9F620A91C691} = {BC38FEFE-EDF6-401E-8749-B424CA2D562B}
		{E9CBCD02-5D6D-4C9F-97B7-9540630FE27B} = {02B15481-1198-4FB7-A178-2BFB66A0C5CE}
		{29A0AB2B-9CCB-4CFF-86E2-F95D7B5F96AE} = {75400789-0E9A-4F54-A705-DAA86129768E}
	EndGlobalSection
	GlobalSection(ExtensibilityGlobals) = postSolution
		SolutionGuid = {3FA6B82E-10F3-405C-8F8A-F836E5A17ADE}
	EndGlobalSection
EndGlobal
